// !$*UTF8*$!
{
	archiveVersion = 1;
	classes = {
	};
	objectVersion = 77;
	objects = {

/* Begin PBXContainerItemProxy section */
		A81ACCE72D93736C00EAD1EC /* PBXContainerItemProxy */ = {
			isa = PBXContainerItemProxy;
			containerPortal = A81ACCC82D93736B00EAD1EC /* Project object */;
			proxyType = 1;
			remoteGlobalIDString = A81ACCCF2D93736B00EAD1EC;
			remoteInfo = EggTimer;
		};
		A81ACCF12D93736C00EAD1EC /* PBXContainerItemProxy */ = {
			isa = PBXContainerItemProxy;
			containerPortal = A81ACCC82D93736B00EAD1EC /* Project object */;
			proxyType = 1;
			remoteGlobalIDString = A81ACCCF2D93736B00EAD1EC;
			remoteInfo = EggTimer;
		};
/* End PBXContainerItemProxy section */

/* Begin PBXFileReference section */
		A81ACCD02D93736B00EAD1EC /* EggTimer.app */ = {isa = PBXFileReference; explicitFileType = wrapper.application; includeInIndex = 0; path = EggTimer.app; sourceTree = BUILT_PRODUCTS_DIR; };
		A81ACCE62D93736C00EAD1EC /* EggTimerTests.xctest */ = {isa = PBXFileReference; explicitFileType = wrapper.cfbundle; includeInIndex = 0; path = EggTimerTests.xctest; sourceTree = BUILT_PRODUCTS_DIR; };
		A81ACCF02D93736C00EAD1EC /* EggTimerUITests.xctest */ = {isa = PBXFileReference; explicitFileType = wrapper.cfbundle; includeInIndex = 0; path = EggTimerUITests.xctest; sourceTree = BUILT_PRODUCTS_DIR; };
/* End PBXFileReference section */

/* Begin PBXFileSystemSynchronizedBuildFileExceptionSet section */
		A81ACCF82D93736C00EAD1EC /* Exceptions for "EggTimer" folder in "EggTimer" target */ = {
			isa = PBXFileSystemSynchronizedBuildFileExceptionSet;
			membershipExceptions = (
				Info.plist,
			);
			target = A81ACCCF2D93736B00EAD1EC /* EggTimer */;
		};
/* End PBXFileSystemSynchronizedBuildFileExceptionSet section */

/* Begin PBXFileSystemSynchronizedRootGroup section */
		A81ACCD22D93736B00EAD1EC /* EggTimer */ = {
			isa = PBXFileSystemSynchronizedRootGroup;
			exceptions = (
				A81ACCF82D93736C00EAD1EC /* Exceptions for "EggTimer" folder in "EggTimer" target */,
			);
			path = EggTimer;
			sourceTree = "<group>";
		};
		A81ACCE92D93736C00EAD1EC /* EggTimerTests */ = {
			isa = PBXFileSystemSynchronizedRootGroup;
			path = EggTimerTests;
			sourceTree = "<group>";
		};
		A81ACCF32D93736C00EAD1EC /* EggTimerUITests */ = {
			isa = PBXFileSystemSynchronizedRootGroup;
			path = EggTimerUITests;
			sourceTree = "<group>";
		};
/* End PBXFileSystemSynchronizedRootGroup section */

/* Begin PBXFrameworksBuildPhase section */
		A81ACCCD2D93736B00EAD1EC /* Frameworks */ = {
			isa = PBXFrameworksBuildPhase;
			buildActionMask = 2147483647;
			files = (
			);
			runOnlyForDeploymentPostprocessing = 0;
		};
		A81ACCE32D93736C00EAD1EC /* Frameworks */ = {
			isa = PBXFrameworksBuildPhase;
			buildActionMask = 2147483647;
			files = (
			);
			runOnlyForDeploymentPostprocessing = 0;
		};
		A81ACCED2D93736C00EAD1EC /* Frameworks */ = {
			isa = PBXFrameworksBuildPhase;
			buildActionMask = 2147483647;
			files = (
			);
			runOnlyForDeploymentPostprocessing = 0;
		};
/* End PBXFrameworksBuildPhase section */

/* Begin PBXGroup section */
		A81ACCC72D93736B00EAD1EC = {
			isa = PBXGroup;
			children = (
				A81ACCD22D93736B00EAD1EC /* EggTimer */,
				A81ACCE92D93736C00EAD1EC /* EggTimerTests */,
				A81ACCF32D93736C00EAD1EC /* EggTimerUITests */,
				A81ACCD12D93736B00EAD1EC /* Products */,
			);
			sourceTree = "<group>";
		};
		A81ACCD12D93736B00EAD1EC /* Products */ = {
			isa = PBXGroup;
			children = (
				A81ACCD02D93736B00EAD1EC /* EggTimer.app */,
				A81ACCE62D93736C00EAD1EC /* EggTimerTests.xctest */,
				A81ACCF02D93736C00EAD1EC /* EggTimerUITests.xctest */,
			);
			name = Products;
			sourceTree = "<group>";
		};
/* End PBXGroup section */

/* Begin PBXNativeTarget section */
		A81ACCCF2D93736B00EAD1EC /* EggTimer */ = {
			isa = PBXNativeTarget;
			buildConfigurationList = A81ACCF92D93736C00EAD1EC /* Build configuration list for PBXNativeTarget "EggTimer" */;
			buildPhases = (
				A81ACCCC2D93736B00EAD1EC /* Sources */,
				A81ACCCD2D93736B00EAD1EC /* Frameworks */,
				A81ACCCE2D93736B00EAD1EC /* Resources */,
			);
			buildRules = (
			);
			dependencies = (
			);
			fileSystemSynchronizedGroups = (
				A81ACCD22D93736B00EAD1EC /* EggTimer */,
			);
			name = EggTimer;
			packageProductDependencies = (
			);
			productName = EggTimer;
			productReference = A81ACCD02D93736B00EAD1EC /* EggTimer.app */;
			productType = "com.apple.product-type.application";
		};
		A81ACCE52D93736C00EAD1EC /* EggTimerTests */ = {
			isa = PBXNativeTarget;
			buildConfigurationList = A81ACCFE2D93736C00EAD1EC /* Build configuration list for PBXNativeTarget "EggTimerTests" */;
			buildPhases = (
				A81ACCE22D93736C00EAD1EC /* Sources */,
				A81ACCE32D93736C00EAD1EC /* Frameworks */,
				A81ACCE42D93736C00EAD1EC /* Resources */,
			);
			buildRules = (
			);
			dependencies = (
				A81ACCE82D93736C00EAD1EC /* PBXTargetDependency */,
			);
			fileSystemSynchronizedGroups = (
				A81ACCE92D93736C00EAD1EC /* EggTimerTests */,
			);
			name = EggTimerTests;
			packageProductDependencies = (
			);
			productName = EggTimerTests;
			productReference = A81ACCE62D93736C00EAD1EC /* EggTimerTests.xctest */;
			productType = "com.apple.product-type.bundle.unit-test";
		};
		A81ACCEF2D93736C00EAD1EC /* EggTimerUITests */ = {
			isa = PBXNativeTarget;
			buildConfigurationList = A81ACD012D93736C00EAD1EC /* Build configuration list for PBXNativeTarget "EggTimerUITests" */;
			buildPhases = (
				A81ACCEC2D93736C00EAD1EC /* Sources */,
				A81ACCED2D93736C00EAD1EC /* Frameworks */,
				A81ACCEE2D93736C00EAD1EC /* Resources */,
			);
			buildRules = (
			);
			dependencies = (
				A81ACCF22D93736C00EAD1EC /* PBXTargetDependency */,
			);
			fileSystemSynchronizedGroups = (
				A81ACCF32D93736C00EAD1EC /* EggTimerUITests */,
			);
			name = EggTimerUITests;
			packageProductDependencies = (
			);
			productName = EggTimerUITests;
			productReference = A81ACCF02D93736C00EAD1EC /* EggTimerUITests.xctest */;
			productType = "com.apple.product-type.bundle.ui-testing";
		};
/* End PBXNativeTarget section */

/* Begin PBXProject section */
		A81ACCC82D93736B00EAD1EC /* Project object */ = {
			isa = PBXProject;
			attributes = {
				BuildIndependentTargetsInParallel = 1;
				LastSwiftUpdateCheck = 1620;
				LastUpgradeCheck = 1620;
				TargetAttributes = {
					A81ACCCF2D93736B00EAD1EC = {
						CreatedOnToolsVersion = 16.2;
					};
					A81ACCE52D93736C00EAD1EC = {
						CreatedOnToolsVersion = 16.2;
						TestTargetID = A81ACCCF2D93736B00EAD1EC;
					};
					A81ACCEF2D93736C00EAD1EC = {
						CreatedOnToolsVersion = 16.2;
						TestTargetID = A81ACCCF2D93736B00EAD1EC;
					};
				};
			};
			buildConfigurationList = A81ACCCB2D93736B00EAD1EC /* Build configuration list for PBXProject "EggTimer" */;
			developmentRegion = en;
			hasScannedForEncodings = 0;
			knownRegions = (
				en,
				Base,
			);
			mainGroup = A81ACCC72D93736B00EAD1EC;
			minimizedProjectReferenceProxies = 1;
			preferredProjectObjectVersion = 77;
			productRefGroup = A81ACCD12D93736B00EAD1EC /* Products */;
			projectDirPath = "";
			projectRoot = "";
			targets = (
				A81ACCCF2D93736B00EAD1EC /* EggTimer */,
				A81ACCE52D93736C00EAD1EC /* EggTimerTests */,
				A81ACCEF2D93736C00EAD1EC /* EggTimerUITests */,
			);
		};
/* End PBXProject section */

/* Begin PBXResourcesBuildPhase section */
		A81ACCCE2D93736B00EAD1EC /* Resources */ = {
			isa = PBXResourcesBuildPhase;
			buildActionMask = 2147483647;
			files = (
			);
			runOnlyForDeploymentPostprocessing = 0;
		};
		A81ACCE42D93736C00EAD1EC /* Resources */ = {
			isa = PBXResourcesBuildPhase;
			buildActionMask = 2147483647;
			files = (
			);
			runOnlyForDeploymentPostprocessing = 0;
		};
		A81ACCEE2D93736C00EAD1EC /* Resources */ = {
			isa = PBXResourcesBuildPhase;
			buildActionMask = 2147483647;
			files = (
			);
			runOnlyForDeploymentPostprocessing = 0;
		};
/* End PBXResourcesBuildPhase section */

/* Begin PBXSourcesBuildPhase section */
		A81ACCCC2D93736B00EAD1EC /* Sources */ = {
			isa = PBXSourcesBuildPhase;
			buildActionMask = 2147483647;
			files = (
			);
			runOnlyForDeploymentPostprocessing = 0;
		};
		A81ACCE22D93736C00EAD1EC /* Sources */ = {
			isa = PBXSourcesBuildPhase;
			buildActionMask = 2147483647;
			files = (
			);
			runOnlyForDeploymentPostprocessing = 0;
		};
		A81ACCEC2D93736C00EAD1EC /* Sources */ = {
			isa = PBXSourcesBuildPhase;
			buildActionMask = 2147483647;
			files = (
			);
			runOnlyForDeploymentPostprocessing = 0;
		};
/* End PBXSourcesBuildPhase section */

/* Begin PBXTargetDependency section */
		A81ACCE82D93736C00EAD1EC /* PBXTargetDependency */ = {
			isa = PBXTargetDependency;
			target = A81ACCCF2D93736B00EAD1EC /* EggTimer */;
			targetProxy = A81ACCE72D93736C00EAD1EC /* PBXContainerItemProxy */;
		};
		A81ACCF22D93736C00EAD1EC /* PBXTargetDependency */ = {
			isa = PBXTargetDependency;
			target = A81ACCCF2D93736B00EAD1EC /* EggTimer */;
			targetProxy = A81ACCF12D93736C00EAD1EC /* PBXContainerItemProxy */;
		};
/* End PBXTargetDependency section */

/* Begin XCBuildConfiguration section */
		A81ACCFA2D93736C00EAD1EC /* Debug */ = {
			isa = XCBuildConfiguration;
			buildSettings = {
				ASSETCATALOG_COMPILER_APPICON_NAME = AppIcon;
				ASSETCATALOG_COMPILER_GLOBAL_ACCENT_COLOR_NAME = AccentColor;
				CODE_SIGN_STYLE = Automatic;
				CURRENT_PROJECT_VERSION = 1;
				DEVELOPMENT_TEAM = R3QUYNBWAL;
				GENERATE_INFOPLIST_FILE = YES;
				INFOPLIST_FILE = EggTimer/Info.plist;
				INFOPLIST_KEY_UIApplicationSupportsIndirectInputEvents = YES;
				INFOPLIST_KEY_UILaunchStoryboardName = LaunchScreen;
				INFOPLIST_KEY_UIMainStoryboardFile = Main;
				INFOPLIST_KEY_UISupportedInterfaceOrientations_iPad = "UIInterfaceOrientationPortrait UIInterfaceOrientationPortraitUpsideDown UIInterfaceOrientationLandscapeLeft UIInterfaceOrientationLandscapeRight";
				INFOPLIST_KEY_UISupportedInterfaceOrientations_iPhone = "UIInterfaceOrientationPortrait UIInterfaceOrientationLandscapeLeft UIInterfaceOrientationLandscapeRight";
				LD_RUNPATH_SEARCH_PATHS = (
					"$(inherited)",
					"@executable_path/Frameworks",
				);
				MARKETING_VERSION = 1.0;
				PRODUCT_BUNDLE_IDENTIFIER = io.github.jemui.EggTimer;
				PRODUCT_NAME = "$(TARGET_NAME)";
				SWIFT_EMIT_LOC_STRINGS = YES;
				SWIFT_STRICT_CONCURRENCY = complete;
				SWIFT_UPCOMING_FEATURE_CONCISE_MAGIC_FILE = YES;
				SWIFT_UPCOMING_FEATURE_DEPRECATE_APPLICATION_MAIN = YES;
				SWIFT_UPCOMING_FEATURE_DISABLE_OUTWARD_ACTOR_ISOLATION = YES;
				SWIFT_UPCOMING_FEATURE_FORWARD_TRAILING_CLOSURES = YES;
				SWIFT_UPCOMING_FEATURE_GLOBAL_CONCURRENCY = YES;
				SWIFT_UPCOMING_FEATURE_IMPLICIT_OPEN_EXISTENTIALS = YES;
				SWIFT_UPCOMING_FEATURE_IMPORT_OBJC_FORWARD_DECLS = YES;
				SWIFT_UPCOMING_FEATURE_INFER_SENDABLE_FROM_CAPTURES = YES;
				SWIFT_UPCOMING_FEATURE_ISOLATED_DEFAULT_VALUES = YES;
				SWIFT_UPCOMING_FEATURE_REGION_BASED_ISOLATION = YES;
				SWIFT_VERSION = 6.0;
				TARGETED_DEVICE_FAMILY = "1,2";
			};
			name = Debug;
		};
		A81ACCFB2D93736C00EAD1EC /* Release */ = {
			isa = XCBuildConfiguration;
			buildSettings = {
				ASSETCATALOG_COMPILER_APPICON_NAME = AppIcon;
				ASSETCATALOG_COMPILER_GLOBAL_ACCENT_COLOR_NAME = AccentColor;
				CODE_SIGN_STYLE = Automatic;
				CURRENT_PROJECT_VERSION = 1;
				DEVELOPMENT_TEAM = R3QUYNBWAL;
				GENERATE_INFOPLIST_FILE = YES;
				INFOPLIST_FILE = EggTimer/Info.plist;
				INFOPLIST_KEY_UIApplicationSupportsIndirectInputEvents = YES;
				INFOPLIST_KEY_UILaunchStoryboardName = LaunchScreen;
				INFOPLIST_KEY_UIMainStoryboardFile = Main;
				INFOPLIST_KEY_UISupportedInterfaceOrientations_iPad = "UIInterfaceOrientationPortrait UIInterfaceOrientationPortraitUpsideDown UIInterfaceOrientationLandscapeLeft UIInterfaceOrientationLandscapeRight";
				INFOPLIST_KEY_UISupportedInterfaceOrientations_iPhone = "UIInterfaceOrientationPortrait UIInterfaceOrientationLandscapeLeft UIInterfaceOrientationLandscapeRight";
				LD_RUNPATH_SEARCH_PATHS = (
					"$(inherited)",
					"@executable_path/Frameworks",
				);
				MARKETING_VERSION = 1.0;
				PRODUCT_BUNDLE_IDENTIFIER = io.github.jemui.EggTimer;
				PRODUCT_NAME = "$(TARGET_NAME)";
				SWIFT_EMIT_LOC_STRINGS = YES;
				SWIFT_STRICT_CONCURRENCY = complete;
				SWIFT_UPCOMING_FEATURE_CONCISE_MAGIC_FILE = YES;
				SWIFT_UPCOMING_FEATURE_DEPRECATE_APPLICATION_MAIN = YES;
				SWIFT_UPCOMING_FEATURE_DISABLE_OUTWARD_ACTOR_ISOLATION = YES;
				SWIFT_UPCOMING_FEATURE_FORWARD_TRAILING_CLOSURES = YES;
				SWIFT_UPCOMING_FEATURE_GLOBAL_CONCURRENCY = YES;
				SWIFT_UPCOMING_FEATURE_IMPLICIT_OPEN_EXISTENTIALS = YES;
				SWIFT_UPCOMING_FEATURE_IMPORT_OBJC_FORWARD_DECLS = YES;
				SWIFT_UPCOMING_FEATURE_INFER_SENDABLE_FROM_CAPTURES = YES;
				SWIFT_UPCOMING_FEATURE_ISOLATED_DEFAULT_VALUES = YES;
				SWIFT_UPCOMING_FEATURE_REGION_BASED_ISOLATION = YES;
				SWIFT_VERSION = 6.0;
				TARGETED_DEVICE_FAMILY = "1,2";
			};
			name = Release;
		};
		A81ACCFC2D93736C00EAD1EC /* Debug */ = {
			isa = XCBuildConfiguration;
			buildSettings = {
				ALWAYS_SEARCH_USER_PATHS = NO;
				ASSETCATALOG_COMPILER_GENERATE_SWIFT_ASSET_SYMBOL_EXTENSIONS = YES;
				CLANG_ANALYZER_NONNULL = YES;
				CLANG_ANALYZER_NUMBER_OBJECT_CONVERSION = YES_AGGRESSIVE;
				CLANG_CXX_LANGUAGE_STANDARD = "gnu++20";
				CLANG_ENABLE_MODULES = YES;
				CLANG_ENABLE_OBJC_ARC = YES;
				CLANG_ENABLE_OBJC_WEAK = YES;
				CLANG_WARN_BLOCK_CAPTURE_AUTORELEASING = YES;
				CLANG_WARN_BOOL_CONVERSION = YES;
				CLANG_WARN_COMMA = YES;
				CLANG_WARN_CONSTANT_CONVERSION = YES;
				CLANG_WARN_DEPRECATED_OBJC_IMPLEMENTATIONS = YES;
				CLANG_WARN_DIRECT_OBJC_ISA_USAGE = YES_ERROR;
				CLANG_WARN_DOCUMENTATION_COMMENTS = YES;
				CLANG_WARN_EMPTY_BODY = YES;
				CLANG_WARN_ENUM_CONVERSION = YES;
				CLANG_WARN_INFINITE_RECURSION = YES;
				CLANG_WARN_INT_CONVERSION = YES;
				CLANG_WARN_NON_LITERAL_NULL_CONVERSION = YES;
				CLANG_WARN_OBJC_IMPLICIT_RETAIN_SELF = YES;
				CLANG_WARN_OBJC_LITERAL_CONVERSION = YES;
				CLANG_WARN_OBJC_ROOT_CLASS = YES_ERROR;
				CLANG_WARN_QUOTED_INCLUDE_IN_FRAMEWORK_HEADER = YES;
				CLANG_WARN_RANGE_LOOP_ANALYSIS = YES;
				CLANG_WARN_STRICT_PROTOTYPES = YES;
				CLANG_WARN_SUSPICIOUS_MOVE = YES;
				CLANG_WARN_UNGUARDED_AVAILABILITY = YES_AGGRESSIVE;
				CLANG_WARN_UNREACHABLE_CODE = YES;
				CLANG_WARN__DUPLICATE_METHOD_MATCH = YES;
				COPY_PHASE_STRIP = NO;
				DEBUG_INFORMATION_FORMAT = dwarf;
				ENABLE_STRICT_OBJC_MSGSEND = YES;
				ENABLE_TESTABILITY = YES;
				ENABLE_USER_SCRIPT_SANDBOXING = YES;
				GCC_C_LANGUAGE_STANDARD = gnu17;
				GCC_DYNAMIC_NO_PIC = NO;
				GCC_NO_COMMON_BLOCKS = YES;
				GCC_OPTIMIZATION_LEVEL = 0;
				GCC_PREPROCESSOR_DEFINITIONS = (
					"DEBUG=1",
					"$(inherited)",
				);
				GCC_WARN_64_TO_32_BIT_CONVERSION = YES;
				GCC_WARN_ABOUT_RETURN_TYPE = YES_ERROR;
				GCC_WARN_UNDECLARED_SELECTOR = YES;
				GCC_WARN_UNINITIALIZED_AUTOS = YES_AGGRESSIVE;
				GCC_WARN_UNUSED_FUNCTION = YES;
				GCC_WARN_UNUSED_VARIABLE = YES;
				IPHONEOS_DEPLOYMENT_TARGET = 18.2;
				LOCALIZATION_PREFERS_STRING_CATALOGS = YES;
				MTL_ENABLE_DEBUG_INFO = INCLUDE_SOURCE;
				MTL_FAST_MATH = YES;
				ONLY_ACTIVE_ARCH = YES;
				SDKROOT = iphoneos;
				SWIFT_ACTIVE_COMPILATION_CONDITIONS = "DEBUG $(inherited)";
				SWIFT_OPTIMIZATION_LEVEL = "-Onone";
			};
			name = Debug;
		};
		A81ACCFD2D93736C00EAD1EC /* Release */ = {
			isa = XCBuildConfiguration;
			buildSettings = {
				ALWAYS_SEARCH_USER_PATHS = NO;
				ASSETCATALOG_COMPILER_GENERATE_SWIFT_ASSET_SYMBOL_EXTENSIONS = YES;
				CLANG_ANALYZER_NONNULL = YES;
				CLANG_ANALYZER_NUMBER_OBJECT_CONVERSION = YES_AGGRESSIVE;
				CLANG_CXX_LANGUAGE_STANDARD = "gnu++20";
				CLANG_ENABLE_MODULES = YES;
				CLANG_ENABLE_OBJC_ARC = YES;
				CLANG_ENABLE_OBJC_WEAK = YES;
				CLANG_WARN_BLOCK_CAPTURE_AUTORELEASING = YES;
				CLANG_WARN_BOOL_CONVERSION = YES;
				CLANG_WARN_COMMA = YES;
				CLANG_WARN_CONSTANT_CONVERSION = YES;
				CLANG_WARN_DEPRECATED_OBJC_IMPLEMENTATIONS = YES;
				CLANG_WARN_DIRECT_OBJC_ISA_USAGE = YES_ERROR;
				CLANG_WARN_DOCUMENTATION_COMMENTS = YES;
				CLANG_WARN_EMPTY_BODY = YES;
				CLANG_WARN_ENUM_CONVERSION = YES;
				CLANG_WARN_INFINITE_RECURSION = YES;
				CLANG_WARN_INT_CONVERSION = YES;
				CLANG_WARN_NON_LITERAL_NULL_CONVERSION = YES;
				CLANG_WARN_OBJC_IMPLICIT_RETAIN_SELF = YES;
				CLANG_WARN_OBJC_LITERAL_CONVERSION = YES;
				CLANG_WARN_OBJC_ROOT_CLASS = YES_ERROR;
				CLANG_WARN_QUOTED_INCLUDE_IN_FRAMEWORK_HEADER = YES;
				CLANG_WARN_RANGE_LOOP_ANALYSIS = YES;
				CLANG_WARN_STRICT_PROTOTYPES = YES;
				CLANG_WARN_SUSPICIOUS_MOVE = YES;
				CLANG_WARN_UNGUARDED_AVAILABILITY = YES_AGGRESSIVE;
				CLANG_WARN_UNREACHABLE_CODE = YES;
				CLANG_WARN__DUPLICATE_METHOD_MATCH = YES;
				COPY_PHASE_STRIP = NO;
				DEBUG_INFORMATION_FORMAT = "dwarf-with-dsym";
				ENABLE_NS_ASSERTIONS = NO;
				ENABLE_STRICT_OBJC_MSGSEND = YES;
				ENABLE_USER_SCRIPT_SANDBOXING = YES;
				GCC_C_LANGUAGE_STANDARD = gnu17;
				GCC_NO_COMMON_BLOCKS = YES;
				GCC_WARN_64_TO_32_BIT_CONVERSION = YES;
				GCC_WARN_ABOUT_RETURN_TYPE = YES_ERROR;
				GCC_WARN_UNDECLARED_SELECTOR = YES;
				GCC_WARN_UNINITIALIZED_AUTOS = YES_AGGRESSIVE;
				GCC_WARN_UNUSED_FUNCTION = YES;
				GCC_WARN_UNUSED_VARIABLE = YES;
				IPHONEOS_DEPLOYMENT_TARGET = 18.2;
				LOCALIZATION_PREFERS_STRING_CATALOGS = YES;
				MTL_ENABLE_DEBUG_INFO = NO;
				MTL_FAST_MATH = YES;
				SDKROOT = iphoneos;
				SWIFT_COMPILATION_MODE = wholemodule;
				VALIDATE_PRODUCT = YES;
			};
			name = Release;
		};
		A81ACCFF2D93736C00EAD1EC /* Debug */ = {
			isa = XCBuildConfiguration;
			buildSettings = {
				BUNDLE_LOADER = "$(TEST_HOST)";
				CODE_SIGN_STYLE = Automatic;
				CURRENT_PROJECT_VERSION = 1;
				DEVELOPMENT_TEAM = R3QUYNBWAL;
				GENERATE_INFOPLIST_FILE = YES;
				IPHONEOS_DEPLOYMENT_TARGET = 18.2;
				MARKETING_VERSION = 1.0;
				PRODUCT_BUNDLE_IDENTIFIER = io.github.jemui.EggTimerTests;
				PRODUCT_NAME = "$(TARGET_NAME)";
				SWIFT_EMIT_LOC_STRINGS = NO;
				SWIFT_VERSION = 5.0;
				TARGETED_DEVICE_FAMILY = "1,2";
				TEST_HOST = "$(BUILT_PRODUCTS_DIR)/EggTimer.app/$(BUNDLE_EXECUTABLE_FOLDER_PATH)/EggTimer";
			};
			name = Debug;
		};
		A81ACD002D93736C00EAD1EC /* Release */ = {
			isa = XCBuildConfiguration;
			buildSettings = {
				BUNDLE_LOADER = "$(TEST_HOST)";
				CODE_SIGN_STYLE = Automatic;
				CURRENT_PROJECT_VERSION = 1;
				DEVELOPMENT_TEAM = R3QUYNBWAL;
				GENERATE_INFOPLIST_FILE = YES;
				IPHONEOS_DEPLOYMENT_TARGET = 18.2;
				MARKETING_VERSION = 1.0;
				PRODUCT_BUNDLE_IDENTIFIER = io.github.jemui.EggTimerTests;
				PRODUCT_NAME = "$(TARGET_NAME)";
				SWIFT_EMIT_LOC_STRINGS = NO;
				SWIFT_VERSION = 5.0;
				TARGETED_DEVICE_FAMILY = "1,2";
				TEST_HOST = "$(BUILT_PRODUCTS_DIR)/EggTimer.app/$(BUNDLE_EXECUTABLE_FOLDER_PATH)/EggTimer";
			};
			name = Release;
		};
		A81ACD022D93736C00EAD1EC /* Debug */ = {
			isa = XCBuildConfiguration;
			buildSettings = {
				CODE_SIGN_STYLE = Automatic;
				CURRENT_PROJECT_VERSION = 1;
				DEVELOPMENT_TEAM = R3QUYNBWAL;
				GENERATE_INFOPLIST_FILE = YES;
				MARKETING_VERSION = 1.0;
				PRODUCT_BUNDLE_IDENTIFIER = io.github.jemui.EggTimerUITests;
				PRODUCT_NAME = "$(TARGET_NAME)";
				SWIFT_EMIT_LOC_STRINGS = NO;
				SWIFT_VERSION = 5.0;
				TARGETED_DEVICE_FAMILY = "1,2";
				TEST_TARGET_NAME = EggTimer;
			};
			name = Debug;
		};
		A81ACD032D93736C00EAD1EC /* Release */ = {
			isa = XCBuildConfiguration;
			buildSettings = {
				CODE_SIGN_STYLE = Automatic;
				CURRENT_PROJECT_VERSION = 1;
				DEVELOPMENT_TEAM = R3QUYNBWAL;
				GENERATE_INFOPLIST_FILE = YES;
				MARKETING_VERSION = 1.0;
				PRODUCT_BUNDLE_IDENTIFIER = io.github.jemui.EggTimerUITests;
				PRODUCT_NAME = "$(TARGET_NAME)";
				SWIFT_EMIT_LOC_STRINGS = NO;
				SWIFT_VERSION = 5.0;
				TARGETED_DEVICE_FAMILY = "1,2";
				TEST_TARGET_NAME = EggTimer;
			};
			name = Release;
		};
/* End XCBuildConfiguration section */

/* Begin XCConfigurationList section */
		A81ACCCB2D93736B00EAD1EC /* Build configuration list for PBXProject "EggTimer" */ = {
			isa = XCConfigurationList;
			buildConfigurations = (
				A81ACCFC2D93736C00EAD1EC /* Debug */,
				A81ACCFD2D93736C00EAD1EC /* Release */,
			);
			defaultConfigurationIsVisible = 0;
			defaultConfigurationName = Release;
		};
		A81ACCF92D93736C00EAD1EC /* Build configuration list for PBXNativeTarget "EggTimer" */ = {
			isa = XCConfigurationList;
			buildConfigurations = (
				A81ACCFA2D93736C00EAD1EC /* Debug */,
				A81ACCFB2D93736C00EAD1EC /* Release */,
			);
			defaultConfigurationIsVisible = 0;
			defaultConfigurationName = Release;
		};
		A81ACCFE2D93736C00EAD1EC /* Build configuration list for PBXNativeTarget "EggTimerTests" */ = {
			isa = XCConfigurationList;
			buildConfigurations = (
				A81ACCFF2D93736C00EAD1EC /* Debug */,
				A81ACD002D93736C00EAD1EC /* Release */,
			);
			defaultConfigurationIsVisible = 0;
			defaultConfigurationName = Release;
		};
		A81ACD012D93736C00EAD1EC /* Build configuration list for PBXNativeTarget "EggTimerUITests" */ = {
			isa = XCConfigurationList;
			buildConfigurations = (
				A81ACD022D93736C00EAD1EC /* Debug */,
				A81ACD032D93736C00EAD1EC /* Release */,
			);
			defaultConfigurationIsVisible = 0;
			defaultConfigurationName = Release;
		};
/* End XCConfigurationList section */
	};
	rootObject = A81ACCC82D93736B00EAD1EC /* Project object */;
}
